// !$*UTF8*$!
{
	archiveVersion = 1;
	classes = {
	};
	objectVersion = 56;
	objects = {

/* Begin PBXBuildFile section */
		D31493FB29F79B1D004016F6 /* Games.swift in Sources */ = {isa = PBXBuildFile; fileRef = D31493FA29F79B1D004016F6 /* Games.swift */; };
		D31493FF29F7A5A8004016F6 /* GameViewModel.swift in Sources */ = {isa = PBXBuildFile; fileRef = D31493FE29F7A5A8004016F6 /* GameViewModel.swift */; };
		D314940429F8E67D004016F6 /* GamesView.swift in Sources */ = {isa = PBXBuildFile; fileRef = D314940329F8E67D004016F6 /* GamesView.swift */; };
		D314940629F8F3A4004016F6 /* NavigationStateManager.swift in Sources */ = {isa = PBXBuildFile; fileRef = D314940529F8F3A4004016F6 /* NavigationStateManager.swift */; };
		D314FC1D29F08E83002328E7 /* AuthView.swift in Sources */ = {isa = PBXBuildFile; fileRef = D314FC1C29F08E83002328E7 /* AuthView.swift */; };
		D3AE9AF729EF0BBD0092E41D /* GameStreamApp.swift in Sources */ = {isa = PBXBuildFile; fileRef = D3AE9AF629EF0BBD0092E41D /* GameStreamApp.swift */; };
		D3AE9AF929EF0BBD0092E41D /* ContentView.swift in Sources */ = {isa = PBXBuildFile; fileRef = D3AE9AF829EF0BBD0092E41D /* ContentView.swift */; };
		D3AE9AFB29EF0BBF0092E41D /* Assets.xcassets in Resources */ = {isa = PBXBuildFile; fileRef = D3AE9AFA29EF0BBF0092E41D /* Assets.xcassets */; };
		D3AE9AFE29EF0BBF0092E41D /* Preview Assets.xcassets in Resources */ = {isa = PBXBuildFile; fileRef = D3AE9AFD29EF0BBF0092E41D /* Preview Assets.xcassets */; };
		D3AE9B0E29EF8D940092E41D /* Fields.swift in Sources */ = {isa = PBXBuildFile; fileRef = D3AE9B0D29EF8D940092E41D /* Fields.swift */; };
		D3AE9B1029EFBEC30092E41D /* HomeView.swift in Sources */ = {isa = PBXBuildFile; fileRef = D3AE9B0F29EFBEC30092E41D /* HomeView.swift */; };
		D3BC549B29FB81B800EECAC3 /* GameViewObject.swift in Sources */ = {isa = PBXBuildFile; fileRef = D3BC549A29FB81B800EECAC3 /* GameViewObject.swift */; };
		D3BC549D29FB822900EECAC3 /* GameView.swift in Sources */ = {isa = PBXBuildFile; fileRef = D3BC549C29FB822900EECAC3 /* GameView.swift */; };
		D3E4DFE129F626E000039CF6 /* Route.swift in Sources */ = {isa = PBXBuildFile; fileRef = D3E4DFE029F626E000039CF6 /* Route.swift */; };
		D3E4DFE429F644EF00039CF6 /* Session.swift in Sources */ = {isa = PBXBuildFile; fileRef = D3E4DFE329F644EF00039CF6 /* Session.swift */; };
/* End PBXBuildFile section */

/* Begin PBXFileReference section */
		D31493FA29F79B1D004016F6 /* Games.swift */ = {isa = PBXFileReference; lastKnownFileType = sourcecode.swift; path = Games.swift; sourceTree = "<group>"; };
		D31493FE29F7A5A8004016F6 /* GameViewModel.swift */ = {isa = PBXFileReference; lastKnownFileType = sourcecode.swift; path = GameViewModel.swift; sourceTree = "<group>"; };
		D314940329F8E67D004016F6 /* GamesView.swift */ = {isa = PBXFileReference; lastKnownFileType = sourcecode.swift; path = GamesView.swift; sourceTree = "<group>"; };
		D314940529F8F3A4004016F6 /* NavigationStateManager.swift */ = {isa = PBXFileReference; lastKnownFileType = sourcecode.swift; path = NavigationStateManager.swift; sourceTree = "<group>"; };
		D314FC1C29F08E83002328E7 /* AuthView.swift */ = {isa = PBXFileReference; lastKnownFileType = sourcecode.swift; path = AuthView.swift; sourceTree = "<group>"; };
		D3AE9AF329EF0BBD0092E41D /* GameStream.app */ = {isa = PBXFileReference; explicitFileType = wrapper.application; includeInIndex = 0; path = GameStream.app; sourceTree = BUILT_PRODUCTS_DIR; };
		D3AE9AF629EF0BBD0092E41D /* GameStreamApp.swift */ = {isa = PBXFileReference; lastKnownFileType = sourcecode.swift; path = GameStreamApp.swift; sourceTree = "<group>"; };
		D3AE9AF829EF0BBD0092E41D /* ContentView.swift */ = {isa = PBXFileReference; lastKnownFileType = sourcecode.swift; path = ContentView.swift; sourceTree = "<group>"; };
		D3AE9AFA29EF0BBF0092E41D /* Assets.xcassets */ = {isa = PBXFileReference; lastKnownFileType = folder.assetcatalog; path = Assets.xcassets; sourceTree = "<group>"; };
		D3AE9AFD29EF0BBF0092E41D /* Preview Assets.xcassets */ = {isa = PBXFileReference; lastKnownFileType = folder.assetcatalog; path = "Preview Assets.xcassets"; sourceTree = "<group>"; };
		D3AE9B0D29EF8D940092E41D /* Fields.swift */ = {isa = PBXFileReference; lastKnownFileType = sourcecode.swift; path = Fields.swift; sourceTree = "<group>"; };
		D3AE9B0F29EFBEC30092E41D /* HomeView.swift */ = {isa = PBXFileReference; lastKnownFileType = sourcecode.swift; path = HomeView.swift; sourceTree = "<group>"; };
		D3BC549A29FB81B800EECAC3 /* GameViewObject.swift */ = {isa = PBXFileReference; lastKnownFileType = sourcecode.swift; path = GameViewObject.swift; sourceTree = "<group>"; };
		D3BC549C29FB822900EECAC3 /* GameView.swift */ = {isa = PBXFileReference; lastKnownFileType = sourcecode.swift; path = GameView.swift; sourceTree = "<group>"; };
		D3E4DFE029F626E000039CF6 /* Route.swift */ = {isa = PBXFileReference; lastKnownFileType = sourcecode.swift; path = Route.swift; sourceTree = "<group>"; };
		D3E4DFE329F644EF00039CF6 /* Session.swift */ = {isa = PBXFileReference; lastKnownFileType = sourcecode.swift; path = Session.swift; sourceTree = "<group>"; };
/* End PBXFileReference section */

/* Begin PBXFrameworksBuildPhase section */
		D3AE9AF029EF0BBD0092E41D /* Frameworks */ = {
			isa = PBXFrameworksBuildPhase;
			buildActionMask = 2147483647;
			files = (
			);
			runOnlyForDeploymentPostprocessing = 0;
		};
/* End PBXFrameworksBuildPhase section */

/* Begin PBXGroup section */
		D31493F829F77CF8004016F6 /* Resources */ = {
			isa = PBXGroup;
			children = (
				D3AE9AFA29EF0BBF0092E41D /* Assets.xcassets */,
			);
			path = Resources;
			sourceTree = "<group>";
		};
		D31493F929F79801004016F6 /* ViewModels */ = {
			isa = PBXGroup;
			children = (
				D31493FE29F7A5A8004016F6 /* GameViewModel.swift */,
				D314940529F8F3A4004016F6 /* NavigationStateManager.swift */,
			);
			path = ViewModels;
			sourceTree = "<group>";
		};
		D3AE9AEA29EF0BBD0092E41D = {
			isa = PBXGroup;
			children = (
				D3AE9AF529EF0BBD0092E41D /* GameStream */,
				D3AE9AF429EF0BBD0092E41D /* Products */,
			);
			sourceTree = "<group>";
		};
		D3AE9AF429EF0BBD0092E41D /* Products */ = {
			isa = PBXGroup;
			children = (
				D3AE9AF329EF0BBD0092E41D /* GameStream.app */,
			);
			name = Products;
			sourceTree = "<group>";
		};
		D3AE9AF529EF0BBD0092E41D /* GameStream */ = {
			isa = PBXGroup;
			children = (
				D31493F929F79801004016F6 /* ViewModels */,
				D3AE9AFC29EF0BBF0092E41D /* Preview Content */,
				D31493F829F77CF8004016F6 /* Resources */,
				D3E4DFE229F62FD900039CF6 /* App */,
				D3E4DFDF29F626CD00039CF6 /* Models */,
				D3AE9B0429EF16560092E41D /* Views */,
			);
			path = GameStream;
			sourceTree = "<group>";
		};
		D3AE9AFC29EF0BBF0092E41D /* Preview Content */ = {
			isa = PBXGroup;
			children = (
				D3AE9AFD29EF0BBF0092E41D /* Preview Assets.xcassets */,
			);
			path = "Preview Content";
			sourceTree = "<group>";
		};
		D3AE9B0429EF16560092E41D /* Views */ = {
			isa = PBXGroup;
			children = (
				D314FC1C29F08E83002328E7 /* AuthView.swift */,
				D3AE9B0D29EF8D940092E41D /* Fields.swift */,
				D3AE9B0F29EFBEC30092E41D /* HomeView.swift */,
				D314940329F8E67D004016F6 /* GamesView.swift */,
				D3BC549C29FB822900EECAC3 /* GameView.swift */,
			);
			path = Views;
			sourceTree = "<group>";
		};
		D3E4DFDF29F626CD00039CF6 /* Models */ = {
			isa = PBXGroup;
			children = (
				D3E4DFE029F626E000039CF6 /* Route.swift */,
				D3E4DFE329F644EF00039CF6 /* Session.swift */,
				D31493FA29F79B1D004016F6 /* Games.swift */,
				D3BC549A29FB81B800EECAC3 /* GameViewObject.swift */,
			);
			path = Models;
			sourceTree = "<group>";
		};
		D3E4DFE229F62FD900039CF6 /* App */ = {
			isa = PBXGroup;
			children = (
				D3AE9AF629EF0BBD0092E41D /* GameStreamApp.swift */,
				D3AE9AF829EF0BBD0092E41D /* ContentView.swift */,
			);
			path = App;
			sourceTree = "<group>";
		};
/* End PBXGroup section */

/* Begin PBXNativeTarget section */
		D3AE9AF229EF0BBD0092E41D /* GameStream */ = {
			isa = PBXNativeTarget;
			buildConfigurationList = D3AE9B0129EF0BBF0092E41D /* Build configuration list for PBXNativeTarget "GameStream" */;
			buildPhases = (
				D3AE9AEF29EF0BBD0092E41D /* Sources */,
				D3AE9AF029EF0BBD0092E41D /* Frameworks */,
				D3AE9AF129EF0BBD0092E41D /* Resources */,
			);
			buildRules = (
			);
			dependencies = (
			);
			name = GameStream;
			productName = GameStream;
			productReference = D3AE9AF329EF0BBD0092E41D /* GameStream.app */;
			productType = "com.apple.product-type.application";
		};
/* End PBXNativeTarget section */

/* Begin PBXProject section */
		D3AE9AEB29EF0BBD0092E41D /* Project object */ = {
			isa = PBXProject;
			attributes = {
				BuildIndependentTargetsInParallel = 1;
				LastSwiftUpdateCheck = 1420;
				LastUpgradeCheck = 1420;
				TargetAttributes = {
					D3AE9AF229EF0BBD0092E41D = {
						CreatedOnToolsVersion = 14.2;
					};
				};
			};
			buildConfigurationList = D3AE9AEE29EF0BBD0092E41D /* Build configuration list for PBXProject "GameStream" */;
			compatibilityVersion = "Xcode 14.0";
			developmentRegion = en;
			hasScannedForEncodings = 0;
			knownRegions = (
				en,
				Base,
			);
			mainGroup = D3AE9AEA29EF0BBD0092E41D;
			productRefGroup = D3AE9AF429EF0BBD0092E41D /* Products */;
			projectDirPath = "";
			projectRoot = "";
			targets = (
				D3AE9AF229EF0BBD0092E41D /* GameStream */,
			);
		};
/* End PBXProject section */

/* Begin PBXResourcesBuildPhase section */
		D3AE9AF129EF0BBD0092E41D /* Resources */ = {
			isa = PBXResourcesBuildPhase;
			buildActionMask = 2147483647;
			files = (
				D3AE9AFE29EF0BBF0092E41D /* Preview Assets.xcassets in Resources */,
				D3AE9AFB29EF0BBF0092E41D /* Assets.xcassets in Resources */,
			);
			runOnlyForDeploymentPostprocessing = 0;
		};
/* End PBXResourcesBuildPhase section */

/* Begin PBXSourcesBuildPhase section */
		D3AE9AEF29EF0BBD0092E41D /* Sources */ = {
			isa = PBXSourcesBuildPhase;
			buildActionMask = 2147483647;
			files = (
				D31493FF29F7A5A8004016F6 /* GameViewModel.swift in Sources */,
				D3E4DFE429F644EF00039CF6 /* Session.swift in Sources */,
				D314940429F8E67D004016F6 /* GamesView.swift in Sources */,
				D3BC549B29FB81B800EECAC3 /* GameViewObject.swift in Sources */,
				D3AE9B0E29EF8D940092E41D /* Fields.swift in Sources */,
				D3AE9B1029EFBEC30092E41D /* HomeView.swift in Sources */,
				D31493FB29F79B1D004016F6 /* Games.swift in Sources */,
				D3AE9AF929EF0BBD0092E41D /* ContentView.swift in Sources */,
				D314940629F8F3A4004016F6 /* NavigationStateManager.swift in Sources */,
				D3E4DFE129F626E000039CF6 /* Route.swift in Sources */,
				D3AE9AF729EF0BBD0092E41D /* GameStreamApp.swift in Sources */,
				D3BC549D29FB822900EECAC3 /* GameView.swift in Sources */,
				D314FC1D29F08E83002328E7 /* AuthView.swift in Sources */,
			);
			runOnlyForDeploymentPostprocessing = 0;
		};
/* End PBXSourcesBuildPhase section */

/* Begin XCBuildConfiguration section */
		D3AE9AFF29EF0BBF0092E41D /* Debug */ = {
			isa = XCBuildConfiguration;
			buildSettings = {
				ALWAYS_SEARCH_USER_PATHS = NO;
				CLANG_ANALYZER_NONNULL = YES;
				CLANG_ANALYZER_NUMBER_OBJECT_CONVERSION = YES_AGGRESSIVE;
				CLANG_CXX_LANGUAGE_STANDARD = "gnu++20";
				CLANG_ENABLE_MODULES = YES;
				CLANG_ENABLE_OBJC_ARC = YES;
				CLANG_ENABLE_OBJC_WEAK = YES;
				CLANG_WARN_BLOCK_CAPTURE_AUTORELEASING = YES;
				CLANG_WARN_BOOL_CONVERSION = YES;
				CLANG_WARN_COMMA = YES;
				CLANG_WARN_CONSTANT_CONVERSION = YES;
				CLANG_WARN_DEPRECATED_OBJC_IMPLEMENTATIONS = YES;
				CLANG_WARN_DIRECT_OBJC_ISA_USAGE = YES_ERROR;
				CLANG_WARN_DOCUMENTATION_COMMENTS = YES;
				CLANG_WARN_EMPTY_BODY = YES;
				CLANG_WARN_ENUM_CONVERSION = YES;
				CLANG_WARN_INFINITE_RECURSION = YES;
				CLANG_WARN_INT_CONVERSION = YES;
				CLANG_WARN_NON_LITERAL_NULL_CONVERSION = YES;
				CLANG_WARN_OBJC_IMPLICIT_RETAIN_SELF = YES;
				CLANG_WARN_OBJC_LITERAL_CONVERSION = YES;
				CLANG_WARN_OBJC_ROOT_CLASS = YES_ERROR;
				CLANG_WARN_QUOTED_INCLUDE_IN_FRAMEWORK_HEADER = YES;
				CLANG_WARN_RANGE_LOOP_ANALYSIS = YES;
				CLANG_WARN_STRICT_PROTOTYPES = YES;
				CLANG_WARN_SUSPICIOUS_MOVE = YES;
				CLANG_WARN_UNGUARDED_AVAILABILITY = YES_AGGRESSIVE;
				CLANG_WARN_UNREACHABLE_CODE = YES;
				CLANG_WARN__DUPLICATE_METHOD_MATCH = YES;
				COPY_PHASE_STRIP = NO;
				DEBUG_INFORMATION_FORMAT = dwarf;
				ENABLE_STRICT_OBJC_MSGSEND = YES;
				ENABLE_TESTABILITY = YES;
				GCC_C_LANGUAGE_STANDARD = gnu11;
				GCC_DYNAMIC_NO_PIC = NO;
				GCC_NO_COMMON_BLOCKS = YES;
				GCC_OPTIMIZATION_LEVEL = 0;
				GCC_PREPROCESSOR_DEFINITIONS = (
					"DEBUG=1",
					"$(inherited)",
				);
				GCC_WARN_64_TO_32_BIT_CONVERSION = YES;
				GCC_WARN_ABOUT_RETURN_TYPE = YES_ERROR;
				GCC_WARN_UNDECLARED_SELECTOR = YES;
				GCC_WARN_UNINITIALIZED_AUTOS = YES_AGGRESSIVE;
				GCC_WARN_UNUSED_FUNCTION = YES;
				GCC_WARN_UNUSED_VARIABLE = YES;
				IPHONEOS_DEPLOYMENT_TARGET = 16.2;
				MTL_ENABLE_DEBUG_INFO = INCLUDE_SOURCE;
				MTL_FAST_MATH = YES;
				ONLY_ACTIVE_ARCH = YES;
				SDKROOT = iphoneos;
				SWIFT_ACTIVE_COMPILATION_CONDITIONS = DEBUG;
				SWIFT_OPTIMIZATION_LEVEL = "-Onone";
			};
			name = Debug;
		};
		D3AE9B0029EF0BBF0092E41D /* Release */ = {
			isa = XCBuildConfiguration;
			buildSettings = {
				ALWAYS_SEARCH_USER_PATHS = NO;
				CLANG_ANALYZER_NONNULL = YES;
				CLANG_ANALYZER_NUMBER_OBJECT_CONVERSION = YES_AGGRESSIVE;
				CLANG_CXX_LANGUAGE_STANDARD = "gnu++20";
				CLANG_ENABLE_MODULES = YES;
				CLANG_ENABLE_OBJC_ARC = YES;
				CLANG_ENABLE_OBJC_WEAK = YES;
				CLANG_WARN_BLOCK_CAPTURE_AUTORELEASING = YES;
				CLANG_WARN_BOOL_CONVERSION = YES;
				CLANG_WARN_COMMA = YES;
				CLANG_WARN_CONSTANT_CONVERSION = YES;
				CLANG_WARN_DEPRECATED_OBJC_IMPLEMENTATIONS = YES;
				CLANG_WARN_DIRECT_OBJC_ISA_USAGE = YES_ERROR;
				CLANG_WARN_DOCUMENTATION_COMMENTS = YES;
				CLANG_WARN_EMPTY_BODY = YES;
				CLANG_WARN_ENUM_CONVERSION = YES;
				CLANG_WARN_INFINITE_RECURSION = YES;
				CLANG_WARN_INT_CONVERSION = YES;
				CLANG_WARN_NON_LITERAL_NULL_CONVERSION = YES;
				CLANG_WARN_OBJC_IMPLICIT_RETAIN_SELF = YES;
				CLANG_WARN_OBJC_LITERAL_CONVERSION = YES;
				CLANG_WARN_OBJC_ROOT_CLASS = YES_ERROR;
				CLANG_WARN_QUOTED_INCLUDE_IN_FRAMEWORK_HEADER = YES;
				CLANG_WARN_RANGE_LOOP_ANALYSIS = YES;
				CLANG_WARN_STRICT_PROTOTYPES = YES;
				CLANG_WARN_SUSPICIOUS_MOVE = YES;
				CLANG_WARN_UNGUARDED_AVAILABILITY = YES_AGGRESSIVE;
				CLANG_WARN_UNREACHABLE_CODE = YES;
				CLANG_WARN__DUPLICATE_METHOD_MATCH = YES;
				COPY_PHASE_STRIP = NO;
				DEBUG_INFORMATION_FORMAT = "dwarf-with-dsym";
				ENABLE_NS_ASSERTIONS = NO;
				ENABLE_STRICT_OBJC_MSGSEND = YES;
				GCC_C_LANGUAGE_STANDARD = gnu11;
				GCC_NO_COMMON_BLOCKS = YES;
				GCC_WARN_64_TO_32_BIT_CONVERSION = YES;
				GCC_WARN_ABOUT_RETURN_TYPE = YES_ERROR;
				GCC_WARN_UNDECLARED_SELECTOR = YES;
				GCC_WARN_UNINITIALIZED_AUTOS = YES_AGGRESSIVE;
				GCC_WARN_UNUSED_FUNCTION = YES;
				GCC_WARN_UNUSED_VARIABLE = YES;
				IPHONEOS_DEPLOYMENT_TARGET = 16.2;
				MTL_ENABLE_DEBUG_INFO = NO;
				MTL_FAST_MATH = YES;
				SDKROOT = iphoneos;
				SWIFT_COMPILATION_MODE = wholemodule;
				SWIFT_OPTIMIZATION_LEVEL = "-O";
				VALIDATE_PRODUCT = YES;
			};
			name = Release;
		};
		D3AE9B0229EF0BBF0092E41D /* Debug */ = {
			isa = XCBuildConfiguration;
			buildSettings = {
				ASSETCATALOG_COMPILER_APPICON_NAME = AppIcon;
				ASSETCATALOG_COMPILER_GLOBAL_ACCENT_COLOR_NAME = AccentColor;
				CODE_SIGN_STYLE = Automatic;
				CURRENT_PROJECT_VERSION = 1;
				DEVELOPMENT_ASSET_PATHS = "\"GameStream/Preview Content\"";
				DEVELOPMENT_TEAM = 9M4U62H2HR;
				ENABLE_PREVIEWS = YES;
				GENERATE_INFOPLIST_FILE = YES;
				INFOPLIST_KEY_UIApplicationSceneManifest_Generation = YES;
				INFOPLIST_KEY_UIApplicationSupportsIndirectInputEvents = YES;
				INFOPLIST_KEY_UILaunchScreen_Generation = YES;
				INFOPLIST_KEY_UISupportedInterfaceOrientations_iPad = "UIInterfaceOrientationPortrait UIInterfaceOrientationPortraitUpsideDown UIInterfaceOrientationLandscapeLeft UIInterfaceOrientationLandscapeRight";
				INFOPLIST_KEY_UISupportedInterfaceOrientations_iPhone = "UIInterfaceOrientationPortrait UIInterfaceOrientationLandscapeLeft UIInterfaceOrientationLandscapeRight";
				LD_RUNPATH_SEARCH_PATHS = (
					"$(inherited)",
					"@executable_path/Frameworks",
				);
				MARKETING_VERSION = 1.0;
				PRODUCT_BUNDLE_IDENTIFIER = com.davidperjac.GameStream;
				PRODUCT_NAME = "$(TARGET_NAME)";
				SWIFT_EMIT_LOC_STRINGS = YES;
				SWIFT_VERSION = 5.0;
				TARGETED_DEVICE_FAMILY = "1,2";
			};
			name = Debug;
		};
		D3AE9B0329EF0BBF0092E41D /* Release */ = {
			isa = XCBuildConfiguration;
			buildSettings = {
				ASSETCATALOG_COMPILER_APPICON_NAME = AppIcon;
				ASSETCATALOG_COMPILER_GLOBAL_ACCENT_COLOR_NAME = AccentColor;
				CODE_SIGN_STYLE = Automatic;
				CURRENT_PROJECT_VERSION = 1;
				DEVELOPMENT_ASSET_PATHS = "\"GameStream/Preview Content\"";
				DEVELOPMENT_TEAM = 9M4U62H2HR;
				ENABLE_PREVIEWS = YES;
				GENERATE_INFOPLIST_FILE = YES;
				INFOPLIST_KEY_UIApplicationSceneManifest_Generation = YES;
				INFOPLIST_KEY_UIApplicationSupportsIndirectInputEvents = YES;
				INFOPLIST_KEY_UILaunchScreen_Generation = YES;
				INFOPLIST_KEY_UISupportedInterfaceOrientations_iPad = "UIInterfaceOrientationPortrait UIInterfaceOrientationPortraitUpsideDown UIInterfaceOrientationLandscapeLeft UIInterfaceOrientationLandscapeRight";
				INFOPLIST_KEY_UISupportedInterfaceOrientations_iPhone = "UIInterfaceOrientationPortrait UIInterfaceOrientationLandscapeLeft UIInterfaceOrientationLandscapeRight";
				LD_RUNPATH_SEARCH_PATHS = (
					"$(inherited)",
					"@executable_path/Frameworks",
				);
				MARKETING_VERSION = 1.0;
				PRODUCT_BUNDLE_IDENTIFIER = com.davidperjac.GameStream;
				PRODUCT_NAME = "$(TARGET_NAME)";
				SWIFT_EMIT_LOC_STRINGS = YES;
				SWIFT_VERSION = 5.0;
				TARGETED_DEVICE_FAMILY = "1,2";
			};
			name = Release;
		};
/* End XCBuildConfiguration section */

/* Begin XCConfigurationList section */
		D3AE9AEE29EF0BBD0092E41D /* Build configuration list for PBXProject "GameStream" */ = {
			isa = XCConfigurationList;
			buildConfigurations = (
				D3AE9AFF29EF0BBF0092E41D /* Debug */,
				D3AE9B0029EF0BBF0092E41D /* Release */,
			);
			defaultConfigurationIsVisible = 0;
			defaultConfigurationName = Release;
		};
		D3AE9B0129EF0BBF0092E41D /* Build configuration list for PBXNativeTarget "GameStream" */ = {
			isa = XCConfigurationList;
			buildConfigurations = (
				D3AE9B0229EF0BBF0092E41D /* Debug */,
				D3AE9B0329EF0BBF0092E41D /* Release */,
			);
			defaultConfigurationIsVisible = 0;
			defaultConfigurationName = Release;
		};
/* End XCConfigurationList section */
	};
	rootObject = D3AE9AEB29EF0BBD0092E41D /* Project object */;
}
